
Microsoft Visual Studio Solution File, Format Version 12.00
# Visual Studio Version 16
VisualStudioVersion = 16.0.29728.190
MinimumVisualStudioVersion = 10.0.40219.1
Project("{FAE04EC0-301F-11D3-BF4B-00C04F79EFBC}") = "ElmahTeste", "ElmahTeste\ElmahTeste.csproj", "{09EEDDDF-876D-4283-A9A5-35786367A160}"
EndProject
Global
	GlobalSection(SolutionConfigurationPlatforms) = preSolution
		Debug|Any CPU = Debug|Any CPU
		Release|Any CPU = Release|Any CPU
	EndGlobalSection
	GlobalSection(ProjectConfigurationPlatforms) = postSolution
		{09EEDDDF-876D-4283-A9A5-35786367A160}.Debug|Any CPU.ActiveCfg = Debug|Any CPU
		{09EEDDDF-876D-4283-A9A5-35786367A160}.Debug|Any CPU.Build.0 = Debug|Any CPU
		{09EEDDDF-876D-4283-A9A5-35786367A160}.Release|Any CPU.ActiveCfg = Release|Any CPU
		{09EEDDDF-876D-4283-A9A5-35786367A160}.Release|Any CPU.Build.0 = Release|Any CPU
	EndGlobalSection
	GlobalSection(SolutionProperties) = preSolution
		HideSolutionNode = FALSE
	EndGlobalSection
	GlobalSection(ExtensibilityGlobals) = postSolution
		SolutionGuid = {10B8EA29-E3D9-4AF4-9A67-DA5FB01FC292}
	EndGlobalSection
EndGlobal
